PODS:
  - JPTools (0.1.0):
    - JPTools/JPAudioPlayer (= 0.1.0)
    - JPTools/JPPermenantThead (= 0.1.0)
    - JPTools/JPProgressHUD (= 0.1.0)
    - JPTools/JPSQLTools (= 0.1.0)
    - JPTools/JPTimer (= 0.1.0)
  - JPTools/JPAudioPlayer (0.1.0)
  - JPTools/JPPermenantThead (0.1.0)
  - JPTools/JPProgressHUD (0.1.0)
  - JPTools/JPSQLTools (0.1.0)
  - JPTools/JPTimer (0.1.0)

DEPENDENCIES:
  - JPTools (from `../`)

EXTERNAL SOURCES:
  JPTools:
    :path: "../"

SPEC CHECKSUMS:
  JPTools: d7336fa36954a09b2d3dbf479ce6568f124364e6

PODFILE CHECKSUM: 7ada059702c67d8e7a43cbee8e54b6e38bd1f0dd

COCOAPODS: 1.7.4
